
Microsoft Visual Studio Solution File, Format Version 12.00
# Visual Studio Version 16
VisualStudioVersion = 16.0.30711.63
MinimumVisualStudioVersion = 10.0.40219.1
Project("{FAE04EC0-301F-11D3-BF4B-00C04F79EFBC}") = "BlazorComponentLib", "BlazorComponentLib\BlazorComponentLib.csproj", "{F2E5931E-7EEC-43DC-A45A-691D695E630E}"
EndProject
Project("{FAE04EC0-301F-11D3-BF4B-00C04F79EFBC}") = "BlazorComponentLibServer", "BlazorComponentLibServer\BlazorComponentLibServer.csproj", "{9CCB11C7-6B02-4874-829A-549991AA831D}"
EndProject
Global
	GlobalSection(SolutionConfigurationPlatforms) = preSolution
		Debug|Any CPU = Debug|Any CPU
		Release|Any CPU = Release|Any CPU
	EndGlobalSection
	GlobalSection(ProjectConfigurationPlatforms) = postSolution
		{F2E5931E-7EEC-43DC-A45A-691D695E630E}.Debug|Any CPU.ActiveCfg = Debug|Any CPU
		{F2E5931E-7EEC-43DC-A45A-691D695E630E}.Debug|Any CPU.Build.0 = Debug|Any CPU
		{F2E5931E-7EEC-43DC-A45A-691D695E630E}.Release|Any CPU.ActiveCfg = Release|Any CPU
		{F2E5931E-7EEC-43DC-A45A-691D695E630E}.Release|Any CPU.Build.0 = Release|Any CPU
		{9CCB11C7-6B02-4874-829A-549991AA831D}.Debug|Any CPU.ActiveCfg = Debug|Any CPU
		{9CCB11C7-6B02-4874-829A-549991AA831D}.Debug|Any CPU.Build.0 = Debug|Any CPU
		{9CCB11C7-6B02-4874-829A-549991AA831D}.Release|Any CPU.ActiveCfg = Release|Any CPU
		{9CCB11C7-6B02-4874-829A-549991AA831D}.Release|Any CPU.Build.0 = Release|Any CPU
	EndGlobalSection
	GlobalSection(SolutionProperties) = preSolution
		HideSolutionNode = FALSE
	EndGlobalSection
	GlobalSection(ExtensibilityGlobals) = postSolution
		SolutionGuid = {160793AC-6206-42AF-BA0F-0F8B30C0BE37}
	EndGlobalSection
EndGlobal
